
Microsoft Visual Studio Solution File, Format Version 12.00
# Visual Studio Version 17
VisualStudioVersion = 17.13.35931.197 d17.13
MinimumVisualStudioVersion = 10.0.40219.1
Project("{8BC9CEB8-8B4A-11D0-8D11-00A0C91BC942}") = "Traffic_Sender", "Traffic_Sender.vcxproj", "{CD0F4717-B750-4D2F-9C90-602B62BF034C}"
EndProject
Global
	GlobalSection(SolutionConfigurationPlatforms) = preSolution
		Debug|x64 = Debug|x64
		Debug|x86 = Debug|x86
		Release|x64 = Release|x64
		Release|x86 = Release|x86
	EndGlobalSection
	GlobalSection(ProjectConfigurationPlatforms) = postSolution
		{CD0F4717-B750-4D2F-9C90-602B62BF034C}.Debug|x64.ActiveCfg = Debug|x64
		{CD0F4717-B750-4D2F-9C90-602B62BF034C}.Debug|x64.Build.0 = Debug|x64
		{CD0F4717-B750-4D2F-9C90-602B62BF034C}.Debug|x86.ActiveCfg = Debug|Win32
		{CD0F4717-B750-4D2F-9C90-602B62BF034C}.Debug|x86.Build.0 = Debug|Win32
		{CD0F4717-B750-4D2F-9C90-602B62BF034C}.Release|x64.ActiveCfg = Release|x64
		{CD0F4717-B750-4D2F-9C90-602B62BF034C}.Release|x64.Build.0 = Release|x64
		{CD0F4717-B750-4D2F-9C90-602B62BF034C}.Release|x86.ActiveCfg = Release|Win32
		{CD0F4717-B750-4D2F-9C90-602B62BF034C}.Release|x86.Build.0 = Release|Win32
	EndGlobalSection
	GlobalSection(SolutionProperties) = preSolution
		HideSolutionNode = FALSE
	EndGlobalSection
	GlobalSection(ExtensibilityGlobals) = postSolution
		SolutionGuid = {371020E4-AA50-43F6-8F15-FDCA89C3C6D5}
	EndGlobalSection
EndGlobal
